
Microsoft Visual Studio Solution File, Format Version 12.00
# Visual Studio Version 17
VisualStudioVersion = 17.10.35027.167
MinimumVisualStudioVersion = 10.0.40219.1
Project("{9A19103F-16F7-4668-BE54-9A1E7A4F7556}") = "Dbt_Migrate", "Dbt_Migrate.csproj", "{9EE5DE20-7D51-40C3-B341-E31273101686}"
EndProject
Global
	GlobalSection(SolutionConfigurationPlatforms) = preSolution
		Debug|Any CPU = Debug|Any CPU
		Release|Any CPU = Release|Any CPU
	EndGlobalSection
	GlobalSection(ProjectConfigurationPlatforms) = postSolution
		{9EE5DE20-7D51-40C3-B341-E31273101686}.Debug|Any CPU.ActiveCfg = Debug|Any CPU
		{9EE5DE20-7D51-40C3-B341-E31273101686}.Debug|Any CPU.Build.0 = Debug|Any CPU
		{9EE5DE20-7D51-40C3-B341-E31273101686}.Release|Any CPU.ActiveCfg = Release|Any CPU
		{9EE5DE20-7D51-40C3-B341-E31273101686}.Release|Any CPU.Build.0 = Release|Any CPU
	EndGlobalSection
	GlobalSection(SolutionProperties) = preSolution
		HideSolutionNode = FALSE
	EndGlobalSection
	GlobalSection(ExtensibilityGlobals) = postSolution
		SolutionGuid = {6B58B625-8D7A-4CD0-8B9D-1667BAB0FF3C}
	EndGlobalSection
EndGlobal
